
Microsoft Visual Studio Solution File, Format Version 12.00
# Visual Studio Version 16
VisualStudioVersion = 16.0.33027.164
MinimumVisualStudioVersion = 10.0.40219.1
Project("{FAE04EC0-301F-11D3-BF4B-00C04F79EFBC}") = "infinite.CSharp.Day10", "StringBuilder\infinite.CSharp.Day10.csproj", "{2AAEEE8F-89DF-4DF1-939B-74FF765671B9}"
EndProject
Global
	GlobalSection(SolutionConfigurationPlatforms) = preSolution
		Debug|Any CPU = Debug|Any CPU
		Release|Any CPU = Release|Any CPU
	EndGlobalSection
	GlobalSection(ProjectConfigurationPlatforms) = postSolution
		{2AAEEE8F-89DF-4DF1-939B-74FF765671B9}.Debug|Any CPU.ActiveCfg = Debug|Any CPU
		{2AAEEE8F-89DF-4DF1-939B-74FF765671B9}.Debug|Any CPU.Build.0 = Debug|Any CPU
		{2AAEEE8F-89DF-4DF1-939B-74FF765671B9}.Release|Any CPU.ActiveCfg = Release|Any CPU
		{2AAEEE8F-89DF-4DF1-939B-74FF765671B9}.Release|Any CPU.Build.0 = Release|Any CPU
	EndGlobalSection
	GlobalSection(SolutionProperties) = preSolution
		HideSolutionNode = FALSE
	EndGlobalSection
	GlobalSection(ExtensibilityGlobals) = postSolution
		SolutionGuid = {AE0E9FE3-6892-4364-B97C-F4E1C431A8C4}
	EndGlobalSection
EndGlobal
